
Microsoft Visual Studio Solution File, Format Version 12.00
# Visual Studio Version 16
VisualStudioVersion = 16.0.29318.209
MinimumVisualStudioVersion = 10.0.40219.1
Project("{FAE04EC0-301F-11D3-BF4B-00C04F79EFBC}") = "pnt", "pnt\pnt.csproj", "{0AEDB74C-8E28-4B7C-8C9B-F5503798DCED}"
EndProject
Global
	GlobalSection(SolutionConfigurationPlatforms) = preSolution
		Debug|Any CPU = Debug|Any CPU
		Release|Any CPU = Release|Any CPU
	EndGlobalSection
	GlobalSection(ProjectConfigurationPlatforms) = postSolution
		{0AEDB74C-8E28-4B7C-8C9B-F5503798DCED}.Debug|Any CPU.ActiveCfg = Debug|Any CPU
		{0AEDB74C-8E28-4B7C-8C9B-F5503798DCED}.Debug|Any CPU.Build.0 = Debug|Any CPU
		{0AEDB74C-8E28-4B7C-8C9B-F5503798DCED}.Release|Any CPU.ActiveCfg = Release|Any CPU
		{0AEDB74C-8E28-4B7C-8C9B-F5503798DCED}.Release|Any CPU.Build.0 = Release|Any CPU
	EndGlobalSection
	GlobalSection(SolutionProperties) = preSolution
		HideSolutionNode = FALSE
	EndGlobalSection
	GlobalSection(ExtensibilityGlobals) = postSolution
		SolutionGuid = {5CE172BA-3BB2-4B0D-A91B-B06434056F39}
	EndGlobalSection
EndGlobal
